
Microsoft Visual Studio Solution File, Format Version 12.00
# Visual Studio Version 16
VisualStudioVersion = 16.0.32602.291
MinimumVisualStudioVersion = 10.0.40219.1
Project("{9A19103F-16F7-4668-BE54-9A1E7A4F7556}") = "ServerCore", "ServerCore.csproj", "{1302D300-0F4A-436C-A7B4-C9032D52293D}"
EndProject
Project("{9A19103F-16F7-4668-BE54-9A1E7A4F7556}") = "Server", "..\Server\Server.csproj", "{08D7491C-0D32-41C9-AE23-C95CA8B7C121}"
EndProject
Project("{9A19103F-16F7-4668-BE54-9A1E7A4F7556}") = "DummyClient", "..\DummyClient\DummyClient.csproj", "{9DFB63CC-72D3-4AD9-A0D4-3CFF05A1A93C}"
EndProject
Project("{FAE04EC0-301F-11D3-BF4B-00C04F79EFBC}") = "PacketGenerator", "..\PacketGenerator\PacketGenerator.csproj", "{32CF07E9-7C02-449F-875F-18BED3C7E857}"
EndProject
Global
	GlobalSection(SolutionConfigurationPlatforms) = preSolution
		Debug|Any CPU = Debug|Any CPU
		Release|Any CPU = Release|Any CPU
	EndGlobalSection
	GlobalSection(ProjectConfigurationPlatforms) = postSolution
		{1302D300-0F4A-436C-A7B4-C9032D52293D}.Debug|Any CPU.ActiveCfg = Debug|Any CPU
		{1302D300-0F4A-436C-A7B4-C9032D52293D}.Debug|Any CPU.Build.0 = Debug|Any CPU
		{1302D300-0F4A-436C-A7B4-C9032D52293D}.Release|Any CPU.ActiveCfg = Release|Any CPU
		{1302D300-0F4A-436C-A7B4-C9032D52293D}.Release|Any CPU.Build.0 = Release|Any CPU
		{08D7491C-0D32-41C9-AE23-C95CA8B7C121}.Debug|Any CPU.ActiveCfg = Debug|Any CPU
		{08D7491C-0D32-41C9-AE23-C95CA8B7C121}.Debug|Any CPU.Build.0 = Debug|Any CPU
		{08D7491C-0D32-41C9-AE23-C95CA8B7C121}.Release|Any CPU.ActiveCfg = Release|Any CPU
		{08D7491C-0D32-41C9-AE23-C95CA8B7C121}.Release|Any CPU.Build.0 = Release|Any CPU
		{9DFB63CC-72D3-4AD9-A0D4-3CFF05A1A93C}.Debug|Any CPU.ActiveCfg = Debug|Any CPU
		{9DFB63CC-72D3-4AD9-A0D4-3CFF05A1A93C}.Debug|Any CPU.Build.0 = Debug|Any CPU
		{9DFB63CC-72D3-4AD9-A0D4-3CFF05A1A93C}.Release|Any CPU.ActiveCfg = Release|Any CPU
		{9DFB63CC-72D3-4AD9-A0D4-3CFF05A1A93C}.Release|Any CPU.Build.0 = Release|Any CPU
		{32CF07E9-7C02-449F-875F-18BED3C7E857}.Debug|Any CPU.ActiveCfg = Debug|Any CPU
		{32CF07E9-7C02-449F-875F-18BED3C7E857}.Debug|Any CPU.Build.0 = Debug|Any CPU
		{32CF07E9-7C02-449F-875F-18BED3C7E857}.Release|Any CPU.ActiveCfg = Release|Any CPU
		{32CF07E9-7C02-449F-875F-18BED3C7E857}.Release|Any CPU.Build.0 = Release|Any CPU
	EndGlobalSection
	GlobalSection(SolutionProperties) = preSolution
		HideSolutionNode = FALSE
	EndGlobalSection
	GlobalSection(ExtensibilityGlobals) = postSolution
		SolutionGuid = {3FFF0713-FF33-416F-A9F1-D351A0B2525D}
	EndGlobalSection
EndGlobal
