
Microsoft Visual Studio Solution File, Format Version 12.00
# Visual Studio Version 16
VisualStudioVersion = 16.0.32602.291
MinimumVisualStudioVersion = 10.0.40219.1
Project("{9A19103F-16F7-4668-BE54-9A1E7A4F7556}") = "Algorithm", "Algorithm.csproj", "{BD766160-9EB7-490F-A29D-C8AFF0FB309C}"
EndProject
Project("{FAE04EC0-301F-11D3-BF4B-00C04F79EFBC}") = "Exercise", "..\Exercise\Exercise.csproj", "{A13BA44D-6548-430E-ADAC-C271F1C6B495}"
EndProject
Global
	GlobalSection(SolutionConfigurationPlatforms) = preSolution
		Debug|Any CPU = Debug|Any CPU
		Release|Any CPU = Release|Any CPU
	EndGlobalSection
	GlobalSection(ProjectConfigurationPlatforms) = postSolution
		{BD766160-9EB7-490F-A29D-C8AFF0FB309C}.Debug|Any CPU.ActiveCfg = Debug|Any CPU
		{BD766160-9EB7-490F-A29D-C8AFF0FB309C}.Debug|Any CPU.Build.0 = Debug|Any CPU
		{BD766160-9EB7-490F-A29D-C8AFF0FB309C}.Release|Any CPU.ActiveCfg = Release|Any CPU
		{BD766160-9EB7-490F-A29D-C8AFF0FB309C}.Release|Any CPU.Build.0 = Release|Any CPU
		{A13BA44D-6548-430E-ADAC-C271F1C6B495}.Debug|Any CPU.ActiveCfg = Debug|Any CPU
		{A13BA44D-6548-430E-ADAC-C271F1C6B495}.Debug|Any CPU.Build.0 = Debug|Any CPU
		{A13BA44D-6548-430E-ADAC-C271F1C6B495}.Release|Any CPU.ActiveCfg = Release|Any CPU
		{A13BA44D-6548-430E-ADAC-C271F1C6B495}.Release|Any CPU.Build.0 = Release|Any CPU
	EndGlobalSection
	GlobalSection(SolutionProperties) = preSolution
		HideSolutionNode = FALSE
	EndGlobalSection
	GlobalSection(ExtensibilityGlobals) = postSolution
		SolutionGuid = {F61D409F-A7F8-4DFC-98E9-D68460CAE902}
	EndGlobalSection
EndGlobal
